
Microsoft Visual Studio Solution File, Format Version 12.00
# Visual Studio Version 16
VisualStudioVersion = 16.0.31112.23
MinimumVisualStudioVersion = 10.0.40219.1
Project("{FAE04EC0-301F-11D3-BF4B-00C04F79EFBC}") = "ETS", "ETS\ETS.csproj", "{B9795E8F-11B7-4F1A-B8B7-6A626D5F562F}"
EndProject
Project("{FAE04EC0-301F-11D3-BF4B-00C04F79EFBC}") = "ETS.Models", "ETS.Models\ETS.Models.csproj", "{4826FBAF-7553-4DD7-8FD9-75F49251E4B6}"
EndProject
Project("{FAE04EC0-301F-11D3-BF4B-00C04F79EFBC}") = "ETS.DataAccess", "ETS.DataAccess\ETS.DataAccess.csproj", "{F27C70B8-6689-4B02-AD53-2ADB50013A44}"
EndProject
Global
	GlobalSection(SolutionConfigurationPlatforms) = preSolution
		Debug|Any CPU = Debug|Any CPU
		Release|Any CPU = Release|Any CPU
	EndGlobalSection
	GlobalSection(ProjectConfigurationPlatforms) = postSolution
		{B9795E8F-11B7-4F1A-B8B7-6A626D5F562F}.Debug|Any CPU.ActiveCfg = Debug|Any CPU
		{B9795E8F-11B7-4F1A-B8B7-6A626D5F562F}.Debug|Any CPU.Build.0 = Debug|Any CPU
		{B9795E8F-11B7-4F1A-B8B7-6A626D5F562F}.Release|Any CPU.ActiveCfg = Release|Any CPU
		{B9795E8F-11B7-4F1A-B8B7-6A626D5F562F}.Release|Any CPU.Build.0 = Release|Any CPU
		{4826FBAF-7553-4DD7-8FD9-75F49251E4B6}.Debug|Any CPU.ActiveCfg = Debug|Any CPU
		{4826FBAF-7553-4DD7-8FD9-75F49251E4B6}.Debug|Any CPU.Build.0 = Debug|Any CPU
		{4826FBAF-7553-4DD7-8FD9-75F49251E4B6}.Release|Any CPU.ActiveCfg = Release|Any CPU
		{4826FBAF-7553-4DD7-8FD9-75F49251E4B6}.Release|Any CPU.Build.0 = Release|Any CPU
		{F27C70B8-6689-4B02-AD53-2ADB50013A44}.Debug|Any CPU.ActiveCfg = Debug|Any CPU
		{F27C70B8-6689-4B02-AD53-2ADB50013A44}.Debug|Any CPU.Build.0 = Debug|Any CPU
		{F27C70B8-6689-4B02-AD53-2ADB50013A44}.Release|Any CPU.ActiveCfg = Release|Any CPU
		{F27C70B8-6689-4B02-AD53-2ADB50013A44}.Release|Any CPU.Build.0 = Release|Any CPU
	EndGlobalSection
	GlobalSection(SolutionProperties) = preSolution
		HideSolutionNode = FALSE
	EndGlobalSection
	GlobalSection(ExtensibilityGlobals) = postSolution
		SolutionGuid = {F287177C-61EC-4E99-867C-BA292DCE6189}
	EndGlobalSection
EndGlobal
